
Microsoft Visual Studio Solution File, Format Version 12.00
# Visual Studio Version 17
VisualStudioVersion = 17.0.31903.59
MinimumVisualStudioVersion = 10.0.40219.1
Project("{2150E333-8FDC-42A3-9474-1A3956D46DE8}") = "src", "src", "{827E0CD3-B72D-47B6-A68D-7590B98EB39B}"
EndProject
Project("{2150E333-8FDC-42A3-9474-1A3956D46DE8}") = "MakeApp.Core", "MakeApp.Core", "{6066F864-722F-D3A1-D404-9B4EC25DAAD2}"
EndProject
Project("{FAE04EC0-301F-11D3-BF4B-00C04F79EFBC}") = "MakeApp.Core", "src\MakeApp.Core\MakeApp.Core\MakeApp.Core.csproj", "{BD55C473-9A7E-40B8-AF51-9906636AB59D}"
EndProject
Project("{2150E333-8FDC-42A3-9474-1A3956D46DE8}") = "MakeApp.Application", "MakeApp.Application", "{F3D135D0-A611-2E76-A580-B5D9EF006396}"
EndProject
Project("{FAE04EC0-301F-11D3-BF4B-00C04F79EFBC}") = "MakeApp.Application", "src\MakeApp.Application\MakeApp.Application\MakeApp.Application.csproj", "{2C36255D-4C69-4FA0-A01F-9ED4FBB79D67}"
EndProject
Project("{2150E333-8FDC-42A3-9474-1A3956D46DE8}") = "MakeApp.Infrastructure", "MakeApp.Infrastructure", "{CC42AD56-E5D9-0ECE-D127-BBB9A31C3AA0}"
EndProject
Project("{FAE04EC0-301F-11D3-BF4B-00C04F79EFBC}") = "MakeApp.Infrastructure", "src\MakeApp.Infrastructure\MakeApp.Infrastructure\MakeApp.Infrastructure.csproj", "{68B90F1F-8E18-408A-AE2E-59D5CE1A223F}"
EndProject
Project("{2150E333-8FDC-42A3-9474-1A3956D46DE8}") = "MakeApp.Api", "MakeApp.Api", "{BEA8CA5E-D33F-E009-B478-22D0C659B526}"
EndProject
Project("{FAE04EC0-301F-11D3-BF4B-00C04F79EFBC}") = "MakeApp.Api", "src\MakeApp.Api\MakeApp.Api\MakeApp.Api.csproj", "{AD48D972-5CD2-44F3-83FF-EE16A184BEA4}"
EndProject
Project("{2150E333-8FDC-42A3-9474-1A3956D46DE8}") = "tests", "tests", "{0AB3BF05-4346-4AA6-1389-037BE0695223}"
EndProject
Project("{2150E333-8FDC-42A3-9474-1A3956D46DE8}") = "MakeApp.Api.Tests", "MakeApp.Api.Tests", "{F6C3C7E5-02A1-60DB-B040-075927C64592}"
EndProject
Project("{FAE04EC0-301F-11D3-BF4B-00C04F79EFBC}") = "MakeApp.Api.Tests", "tests\MakeApp.Api.Tests\MakeApp.Api.Tests\MakeApp.Api.Tests.csproj", "{39444C19-5911-4A33-9932-D8D3C3207A09}"
EndProject
Project("{2150E333-8FDC-42A3-9474-1A3956D46DE8}") = "MakeApp.Application.Tests", "MakeApp.Application.Tests", "{29749341-65BB-5892-CDE8-3822D9274984}"
EndProject
Project("{FAE04EC0-301F-11D3-BF4B-00C04F79EFBC}") = "MakeApp.Application.Tests", "tests\MakeApp.Application.Tests\MakeApp.Application.Tests\MakeApp.Application.Tests.csproj", "{F272CF4D-7BF6-49A2-8A7E-3E911DBD62F2}"
EndProject
Project("{2150E333-8FDC-42A3-9474-1A3956D46DE8}") = "MakeApp.Infrastructure.Tests", "MakeApp.Infrastructure.Tests", "{AA71562C-3962-AE5E-5F52-2284CC6108C4}"
EndProject
Project("{FAE04EC0-301F-11D3-BF4B-00C04F79EFBC}") = "MakeApp.Infrastructure.Tests", "tests\MakeApp.Infrastructure.Tests\MakeApp.Infrastructure.Tests\MakeApp.Infrastructure.Tests.csproj", "{096F31C2-0217-413E-AD19-C95BB8F8D1E1}"
EndProject
Project("{2150E333-8FDC-42A3-9474-1A3956D46DE8}") = "MakeApp.E2E.Tests", "MakeApp.E2E.Tests", "{63457E32-F967-1157-0CFC-CEEBD2B54D5E}"
EndProject
Project("{FAE04EC0-301F-11D3-BF4B-00C04F79EFBC}") = "MakeApp.E2E.Tests", "tests\MakeApp.E2E.Tests\MakeApp.E2E.Tests\MakeApp.E2E.Tests.csproj", "{7902D156-03C4-48DA-8A39-D1E5EEC08BF3}"
EndProject
Global
	GlobalSection(SolutionConfigurationPlatforms) = preSolution
		Debug|Any CPU = Debug|Any CPU
		Debug|x64 = Debug|x64
		Debug|x86 = Debug|x86
		Release|Any CPU = Release|Any CPU
		Release|x64 = Release|x64
		Release|x86 = Release|x86
	EndGlobalSection
	GlobalSection(ProjectConfigurationPlatforms) = postSolution
		{BD55C473-9A7E-40B8-AF51-9906636AB59D}.Debug|Any CPU.ActiveCfg = Debug|Any CPU
		{BD55C473-9A7E-40B8-AF51-9906636AB59D}.Debug|Any CPU.Build.0 = Debug|Any CPU
		{BD55C473-9A7E-40B8-AF51-9906636AB59D}.Debug|x64.ActiveCfg = Debug|Any CPU
		{BD55C473-9A7E-40B8-AF51-9906636AB59D}.Debug|x64.Build.0 = Debug|Any CPU
		{BD55C473-9A7E-40B8-AF51-9906636AB59D}.Debug|x86.ActiveCfg = Debug|Any CPU
		{BD55C473-9A7E-40B8-AF51-9906636AB59D}.Debug|x86.Build.0 = Debug|Any CPU
		{BD55C473-9A7E-40B8-AF51-9906636AB59D}.Release|Any CPU.ActiveCfg = Release|Any CPU
		{BD55C473-9A7E-40B8-AF51-9906636AB59D}.Release|Any CPU.Build.0 = Release|Any CPU
		{BD55C473-9A7E-40B8-AF51-9906636AB59D}.Release|x64.ActiveCfg = Release|Any CPU
		{BD55C473-9A7E-40B8-AF51-9906636AB59D}.Release|x64.Build.0 = Release|Any CPU
		{BD55C473-9A7E-40B8-AF51-9906636AB59D}.Release|x86.ActiveCfg = Release|Any CPU
		{BD55C473-9A7E-40B8-AF51-9906636AB59D}.Release|x86.Build.0 = Release|Any CPU
		{2C36255D-4C69-4FA0-A01F-9ED4FBB79D67}.Debug|Any CPU.ActiveCfg = Debug|Any CPU
		{2C36255D-4C69-4FA0-A01F-9ED4FBB79D67}.Debug|Any CPU.Build.0 = Debug|Any CPU
		{2C36255D-4C69-4FA0-A01F-9ED4FBB79D67}.Debug|x64.ActiveCfg = Debug|Any CPU
		{2C36255D-4C69-4FA0-A01F-9ED4FBB79D67}.Debug|x64.Build.0 = Debug|Any CPU
		{2C36255D-4C69-4FA0-A01F-9ED4FBB79D67}.Debug|x86.ActiveCfg = Debug|Any CPU
		{2C36255D-4C69-4FA0-A01F-9ED4FBB79D67}.Debug|x86.Build.0 = Debug|Any CPU
		{2C36255D-4C69-4FA0-A01F-9ED4FBB79D67}.Release|Any CPU.ActiveCfg = Release|Any CPU
		{2C36255D-4C69-4FA0-A01F-9ED4FBB79D67}.Release|Any CPU.Build.0 = Release|Any CPU
		{2C36255D-4C69-4FA0-A01F-9ED4FBB79D67}.Release|x64.ActiveCfg = Release|Any CPU
		{2C36255D-4C69-4FA0-A01F-9ED4FBB79D67}.Release|x64.Build.0 = Release|Any CPU
		{2C36255D-4C69-4FA0-A01F-9ED4FBB79D67}.Release|x86.ActiveCfg = Release|Any CPU
		{2C36255D-4C69-4FA0-A01F-9ED4FBB79D67}.Release|x86.Build.0 = Release|Any CPU
		{68B90F1F-8E18-408A-AE2E-59D5CE1A223F}.Debug|Any CPU.ActiveCfg = Debug|Any CPU
		{68B90F1F-8E18-408A-AE2E-59D5CE1A223F}.Debug|Any CPU.Build.0 = Debug|Any CPU
		{68B90F1F-8E18-408A-AE2E-59D5CE1A223F}.Debug|x64.ActiveCfg = Debug|Any CPU
		{68B90F1F-8E18-408A-AE2E-59D5CE1A223F}.Debug|x64.Build.0 = Debug|Any CPU
		{68B90F1F-8E18-408A-AE2E-59D5CE1A223F}.Debug|x86.ActiveCfg = Debug|Any CPU
		{68B90F1F-8E18-408A-AE2E-59D5CE1A223F}.Debug|x86.Build.0 = Debug|Any CPU
		{68B90F1F-8E18-408A-AE2E-59D5CE1A223F}.Release|Any CPU.ActiveCfg = Release|Any CPU
		{68B90F1F-8E18-408A-AE2E-59D5CE1A223F}.Release|Any CPU.Build.0 = Release|Any CPU
		{68B90F1F-8E18-408A-AE2E-59D5CE1A223F}.Release|x64.ActiveCfg = Release|Any CPU
		{68B90F1F-8E18-408A-AE2E-59D5CE1A223F}.Release|x64.Build.0 = Release|Any CPU
		{68B90F1F-8E18-408A-AE2E-59D5CE1A223F}.Release|x86.ActiveCfg = Release|Any CPU
		{68B90F1F-8E18-408A-AE2E-59D5CE1A223F}.Release|x86.Build.0 = Release|Any CPU
		{AD48D972-5CD2-44F3-83FF-EE16A184BEA4}.Debug|Any CPU.ActiveCfg = Debug|Any CPU
		{AD48D972-5CD2-44F3-83FF-EE16A184BEA4}.Debug|Any CPU.Build.0 = Debug|Any CPU
		{AD48D972-5CD2-44F3-83FF-EE16A184BEA4}.Debug|x64.ActiveCfg = Debug|Any CPU
		{AD48D972-5CD2-44F3-83FF-EE16A184BEA4}.Debug|x64.Build.0 = Debug|Any CPU
		{AD48D972-5CD2-44F3-83FF-EE16A184BEA4}.Debug|x86.ActiveCfg = Debug|Any CPU
		{AD48D972-5CD2-44F3-83FF-EE16A184BEA4}.Debug|x86.Build.0 = Debug|Any CPU
		{AD48D972-5CD2-44F3-83FF-EE16A184BEA4}.Release|Any CPU.ActiveCfg = Release|Any CPU
		{AD48D972-5CD2-44F3-83FF-EE16A184BEA4}.Release|Any CPU.Build.0 = Release|Any CPU
		{AD48D972-5CD2-44F3-83FF-EE16A184BEA4}.Release|x64.ActiveCfg = Release|Any CPU
		{AD48D972-5CD2-44F3-83FF-EE16A184BEA4}.Release|x64.Build.0 = Release|Any CPU
		{AD48D972-5CD2-44F3-83FF-EE16A184BEA4}.Release|x86.ActiveCfg = Release|Any CPU
		{AD48D972-5CD2-44F3-83FF-EE16A184BEA4}.Release|x86.Build.0 = Release|Any CPU
		{39444C19-5911-4A33-9932-D8D3C3207A09}.Debug|Any CPU.ActiveCfg = Debug|Any CPU
		{39444C19-5911-4A33-9932-D8D3C3207A09}.Debug|Any CPU.Build.0 = Debug|Any CPU
		{39444C19-5911-4A33-9932-D8D3C3207A09}.Debug|x64.ActiveCfg = Debug|Any CPU
		{39444C19-5911-4A33-9932-D8D3C3207A09}.Debug|x64.Build.0 = Debug|Any CPU
		{39444C19-5911-4A33-9932-D8D3C3207A09}.Debug|x86.ActiveCfg = Debug|Any CPU
		{39444C19-5911-4A33-9932-D8D3C3207A09}.Debug|x86.Build.0 = Debug|Any CPU
		{39444C19-5911-4A33-9932-D8D3C3207A09}.Release|Any CPU.ActiveCfg = Release|Any CPU
		{39444C19-5911-4A33-9932-D8D3C3207A09}.Release|Any CPU.Build.0 = Release|Any CPU
		{39444C19-5911-4A33-9932-D8D3C3207A09}.Release|x64.ActiveCfg = Release|Any CPU
		{39444C19-5911-4A33-9932-D8D3C3207A09}.Release|x64.Build.0 = Release|Any CPU
		{39444C19-5911-4A33-9932-D8D3C3207A09}.Release|x86.ActiveCfg = Release|Any CPU
		{39444C19-5911-4A33-9932-D8D3C3207A09}.Release|x86.Build.0 = Release|Any CPU
		{F272CF4D-7BF6-49A2-8A7E-3E911DBD62F2}.Debug|Any CPU.ActiveCfg = Debug|Any CPU
		{F272CF4D-7BF6-49A2-8A7E-3E911DBD62F2}.Debug|Any CPU.Build.0 = Debug|Any CPU
		{F272CF4D-7BF6-49A2-8A7E-3E911DBD62F2}.Debug|x64.ActiveCfg = Debug|Any CPU
		{F272CF4D-7BF6-49A2-8A7E-3E911DBD62F2}.Debug|x64.Build.0 = Debug|Any CPU
		{F272CF4D-7BF6-49A2-8A7E-3E911DBD62F2}.Debug|x86.ActiveCfg = Debug|Any CPU
		{F272CF4D-7BF6-49A2-8A7E-3E911DBD62F2}.Debug|x86.Build.0 = Debug|Any CPU
		{F272CF4D-7BF6-49A2-8A7E-3E911DBD62F2}.Release|Any CPU.ActiveCfg = Release|Any CPU
		{F272CF4D-7BF6-49A2-8A7E-3E911DBD62F2}.Release|Any CPU.Build.0 = Release|Any CPU
		{F272CF4D-7BF6-49A2-8A7E-3E911DBD62F2}.Release|x64.ActiveCfg = Release|Any CPU
		{F272CF4D-7BF6-49A2-8A7E-3E911DBD62F2}.Release|x64.Build.0 = Release|Any CPU
		{F272CF4D-7BF6-49A2-8A7E-3E911DBD62F2}.Release|x86.ActiveCfg = Release|Any CPU
		{F272CF4D-7BF6-49A2-8A7E-3E911DBD62F2}.Release|x86.Build.0 = Release|Any CPU
		{096F31C2-0217-413E-AD19-C95BB8F8D1E1}.Debug|Any CPU.ActiveCfg = Debug|Any CPU
		{096F31C2-0217-413E-AD19-C95BB8F8D1E1}.Debug|Any CPU.Build.0 = Debug|Any CPU
		{096F31C2-0217-413E-AD19-C95BB8F8D1E1}.Debug|x64.ActiveCfg = Debug|Any CPU
		{096F31C2-0217-413E-AD19-C95BB8F8D1E1}.Debug|x64.Build.0 = Debug|Any CPU
		{096F31C2-0217-413E-AD19-C95BB8F8D1E1}.Debug|x86.ActiveCfg = Debug|Any CPU
		{096F31C2-0217-413E-AD19-C95BB8F8D1E1}.Debug|x86.Build.0 = Debug|Any CPU
		{096F31C2-0217-413E-AD19-C95BB8F8D1E1}.Release|Any CPU.ActiveCfg = Release|Any CPU
		{096F31C2-0217-413E-AD19-C95BB8F8D1E1}.Release|Any CPU.Build.0 = Release|Any CPU
		{096F31C2-0217-413E-AD19-C95BB8F8D1E1}.Release|x64.ActiveCfg = Release|Any CPU
		{096F31C2-0217-413E-AD19-C95BB8F8D1E1}.Release|x64.Build.0 = Release|Any CPU
		{096F31C2-0217-413E-AD19-C95BB8F8D1E1}.Release|x86.ActiveCfg = Release|Any CPU
		{096F31C2-0217-413E-AD19-C95BB8F8D1E1}.Release|x86.Build.0 = Release|Any CPU
		{7902D156-03C4-48DA-8A39-D1E5EEC08BF3}.Debug|Any CPU.ActiveCfg = Debug|Any CPU
		{7902D156-03C4-48DA-8A39-D1E5EEC08BF3}.Debug|Any CPU.Build.0 = Debug|Any CPU
		{7902D156-03C4-48DA-8A39-D1E5EEC08BF3}.Debug|x64.ActiveCfg = Debug|Any CPU
		{7902D156-03C4-48DA-8A39-D1E5EEC08BF3}.Debug|x64.Build.0 = Debug|Any CPU
		{7902D156-03C4-48DA-8A39-D1E5EEC08BF3}.Debug|x86.ActiveCfg = Debug|Any CPU
		{7902D156-03C4-48DA-8A39-D1E5EEC08BF3}.Debug|x86.Build.0 = Debug|Any CPU
		{7902D156-03C4-48DA-8A39-D1E5EEC08BF3}.Release|Any CPU.ActiveCfg = Release|Any CPU
		{7902D156-03C4-48DA-8A39-D1E5EEC08BF3}.Release|Any CPU.Build.0 = Release|Any CPU
		{7902D156-03C4-48DA-8A39-D1E5EEC08BF3}.Release|x64.ActiveCfg = Release|Any CPU
		{7902D156-03C4-48DA-8A39-D1E5EEC08BF3}.Release|x64.Build.0 = Release|Any CPU
		{7902D156-03C4-48DA-8A39-D1E5EEC08BF3}.Release|x86.ActiveCfg = Release|Any CPU
		{7902D156-03C4-48DA-8A39-D1E5EEC08BF3}.Release|x86.Build.0 = Release|Any CPU
	EndGlobalSection
	GlobalSection(SolutionProperties) = preSolution
		HideSolutionNode = FALSE
	EndGlobalSection
	GlobalSection(NestedProjects) = preSolution
		{6066F864-722F-D3A1-D404-9B4EC25DAAD2} = {827E0CD3-B72D-47B6-A68D-7590B98EB39B}
		{BD55C473-9A7E-40B8-AF51-9906636AB59D} = {6066F864-722F-D3A1-D404-9B4EC25DAAD2}
		{F3D135D0-A611-2E76-A580-B5D9EF006396} = {827E0CD3-B72D-47B6-A68D-7590B98EB39B}
		{2C36255D-4C69-4FA0-A01F-9ED4FBB79D67} = {F3D135D0-A611-2E76-A580-B5D9EF006396}
		{CC42AD56-E5D9-0ECE-D127-BBB9A31C3AA0} = {827E0CD3-B72D-47B6-A68D-7590B98EB39B}
		{68B90F1F-8E18-408A-AE2E-59D5CE1A223F} = {CC42AD56-E5D9-0ECE-D127-BBB9A31C3AA0}
		{BEA8CA5E-D33F-E009-B478-22D0C659B526} = {827E0CD3-B72D-47B6-A68D-7590B98EB39B}
		{AD48D972-5CD2-44F3-83FF-EE16A184BEA4} = {BEA8CA5E-D33F-E009-B478-22D0C659B526}
		{F6C3C7E5-02A1-60DB-B040-075927C64592} = {0AB3BF05-4346-4AA6-1389-037BE0695223}
		{39444C19-5911-4A33-9932-D8D3C3207A09} = {F6C3C7E5-02A1-60DB-B040-075927C64592}
		{29749341-65BB-5892-CDE8-3822D9274984} = {0AB3BF05-4346-4AA6-1389-037BE0695223}
		{F272CF4D-7BF6-49A2-8A7E-3E911DBD62F2} = {29749341-65BB-5892-CDE8-3822D9274984}
		{AA71562C-3962-AE5E-5F52-2284CC6108C4} = {0AB3BF05-4346-4AA6-1389-037BE0695223}
		{096F31C2-0217-413E-AD19-C95BB8F8D1E1} = {AA71562C-3962-AE5E-5F52-2284CC6108C4}
		{63457E32-F967-1157-0CFC-CEEBD2B54D5E} = {0AB3BF05-4346-4AA6-1389-037BE0695223}
		{7902D156-03C4-48DA-8A39-D1E5EEC08BF3} = {63457E32-F967-1157-0CFC-CEEBD2B54D5E}
	EndGlobalSection
EndGlobal
